
Microsoft Visual Studio Solution File, Format Version 12.00
# Visual Studio Version 17
VisualStudioVersion = 17.4.33213.308
MinimumVisualStudioVersion = 10.0.40219.1
Project("{FAE04EC0-301F-11D3-BF4B-00C04F79EFBC}") = "code", "code\code.csproj", "{051D3A50-E3E1-4D3D-AA98-423991B6116D}"
EndProject
Global
	GlobalSection(SolutionConfigurationPlatforms) = preSolution
		Debug|Any CPU = Debug|Any CPU
		Release|Any CPU = Release|Any CPU
	EndGlobalSection
	GlobalSection(ProjectConfigurationPlatforms) = postSolution
		{051D3A50-E3E1-4D3D-AA98-423991B6116D}.Debug|Any CPU.ActiveCfg = Debug|Any CPU
		{051D3A50-E3E1-4D3D-AA98-423991B6116D}.Debug|Any CPU.Build.0 = Debug|Any CPU
		{051D3A50-E3E1-4D3D-AA98-423991B6116D}.Release|Any CPU.ActiveCfg = Release|Any CPU
		{051D3A50-E3E1-4D3D-AA98-423991B6116D}.Release|Any CPU.Build.0 = Release|Any CPU
	EndGlobalSection
	GlobalSection(SolutionProperties) = preSolution
		HideSolutionNode = FALSE
	EndGlobalSection
	GlobalSection(ExtensibilityGlobals) = postSolution
		SolutionGuid = {CEF5A158-1172-49EA-8FF7-5335E3E4688D}
	EndGlobalSection
EndGlobal
